{
    "_meta": {
        "hash": {
            "sha256": "3ee16ed009979be2dcb4ea249593eb2f567825b256f02b320430b65aa4c14e35"
        },
        "pipfile-spec": 6,
        "requires": {
            "python_version": "3.8"
        },
        "sources": [
            {
                "name": "pypi",
                "url": "https://pypi.org/simple",
                "verify_ssl": true
            }
        ]
    },
    "default": {
        "tqdm": {
            "hashes": [
                "sha256:5f4f682a004951c1b450bc753c710e9280c5746ce6ffedee253ddbcbf54cf1e4",
                "sha256:6fee160d6ffcd1b1c68c65f14c829c22832bc401726335ce92c52d395944a6a1"
            ],
            "index": "pypi",
            "version": "==4.64.1"
        }
    },
    "develop": {}
}
